# This file was autogenerated by uv via the following command:
#    uv pip compile pyproject.toml --extra dev -o requirements-dev.lock
click==8.3.0
    # via typer
iniconfig==2.3.0
    # via pytest
jinja2==3.1.6
    # via staffsergeant (pyproject.toml)
linkify-it-py==2.0.3
    # via staffsergeant (pyproject.toml)
markdown-it-py==4.0.0
    # via
    #   staffsergeant (pyproject.toml)
    #   mdit-py-plugins
    #   rich
markupsafe==3.0.3
    # via
    #   staffsergeant (pyproject.toml)
    #   jinja2
mdit-py-plugins==0.5.0
    # via staffsergeant (pyproject.toml)
mdurl==0.1.2
    # via
    #   staffsergeant (pyproject.toml)
    #   markdown-it-py
packaging==25.0
    # via pytest
pluggy==1.6.0
    # via pytest
pygments==2.19.2
    # via
    #   pytest
    #   rich
pytest==8.4.2
    # via staffsergeant (pyproject.toml)
pyyaml==6.0.3
    # via staffsergeant (pyproject.toml)
rich==14.2.0
    # via typer
ruff==0.14.3
    # via staffsergeant (pyproject.toml)
shellingham==1.5.4
    # via typer
typer==0.20.0
    # via staffsergeant (pyproject.toml)
typing-extensions==4.15.0
    # via typer
uc-micro-py==1.0.3
    # via
    #   staffsergeant (pyproject.toml)
    #   linkify-it-py
